// !$*UTF8*$!
{
	archiveVersion = 1;
	classes = {
	};
	objectVersion = 50;
	objects = {

/* Begin PBXBuildFile section */
		C5AA671A2094E47300464756 /* AppDelegate.swift in Sources */ = {isa = PBXBuildFile; fileRef = C5AA67192094E47300464756 /* AppDelegate.swift */; };
		C5AA671C2094E47300464756 /* ViewController.swift in Sources */ = {isa = PBXBuildFile; fileRef = C5AA671B2094E47300464756 /* ViewController.swift */; };
		C5AA671F2094E47300464756 /* Main.storyboard in Resources */ = {isa = PBXBuildFile; fileRef = C5AA671D2094E47300464756 /* Main.storyboard */; };
		C5AA67212094E47800464756 /* Assets.xcassets in Resources */ = {isa = PBXBuildFile; fileRef = C5AA67202094E47800464756 /* Assets.xcassets */; };
		C5AA67242094E47800464756 /* LaunchScreen.storyboard in Resources */ = {isa = PBXBuildFile; fileRef = C5AA67222094E47800464756 /* LaunchScreen.storyboard */; };
		C5AA672E2094E49D00464756 /* OpenCVWrapper.mm in Sources */ = {isa = PBXBuildFile; fileRef = C5AA672D2094E49D00464756 /* OpenCVWrapper.mm */; };
		C5AA67312094E4E700464756 /* opencv2.framework in Frameworks */ = {isa = PBXBuildFile; fileRef = C5AA67302094E4E700464756 /* opencv2.framework */; };
		C5AA67332094E50000464756 /* AssetsLibrary.framework in Frameworks */ = {isa = PBXBuildFile; fileRef = C5AA67322094E50000464756 /* AssetsLibrary.framework */; };
		C5AA67352094E50800464756 /* CoreGraphics.framework in Frameworks */ = {isa = PBXBuildFile; fileRef = C5AA67342094E50800464756 /* CoreGraphics.framework */; };
		C5AA67372094E51000464756 /* CoreMedia.framework in Frameworks */ = {isa = PBXBuildFile; fileRef = C5AA67362094E51000464756 /* CoreMedia.framework */; };
		C5AA67392094E51500464756 /* CoreFoundation.framework in Frameworks */ = {isa = PBXBuildFile; fileRef = C5AA67382094E51500464756 /* CoreFoundation.framework */; };
		C5AA673B2094E51C00464756 /* Accelerate.framework in Frameworks */ = {isa = PBXBuildFile; fileRef = C5AA673A2094E51C00464756 /* Accelerate.framework */; };
/* End PBXBuildFile section */

/* Begin PBXFileReference section */
		C5AA67162094E47300464756 /* HelloOpenCV.app */ = {isa = PBXFileReference; explicitFileType = wrapper.application; includeInIndex = 0; path = HelloOpenCV.app; sourceTree = BUILT_PRODUCTS_DIR; };
		C5AA67192094E47300464756 /* AppDelegate.swift */ = {isa = PBXFileReference; lastKnownFileType = sourcecode.swift; path = AppDelegate.swift; sourceTree = "<group>"; };
		C5AA671B2094E47300464756 /* ViewController.swift */ = {isa = PBXFileReference; lastKnownFileType = sourcecode.swift; path = ViewController.swift; sourceTree = "<group>"; };
		C5AA671E2094E47300464756 /* Base */ = {isa = PBXFileReference; lastKnownFileType = file.storyboard; name = Base; path = Base.lproj/Main.storyboard; sourceTree = "<group>"; };
		C5AA67202094E47800464756 /* Assets.xcassets */ = {isa = PBXFileReference; lastKnownFileType = folder.assetcatalog; path = Assets.xcassets; sourceTree = "<group>"; };
		C5AA67232094E47800464756 /* Base */ = {isa = PBXFileReference; lastKnownFileType = file.storyboard; name = Base; path = Base.lproj/LaunchScreen.storyboard; sourceTree = "<group>"; };
		C5AA67252094E47800464756 /* Info.plist */ = {isa = PBXFileReference; lastKnownFileType = text.plist.xml; path = Info.plist; sourceTree = "<group>"; };
		C5AA672B2094E49D00464756 /* HelloOpenCV-Bridging-Header.h */ = {isa = PBXFileReference; lastKnownFileType = sourcecode.c.h; path = "HelloOpenCV-Bridging-Header.h"; sourceTree = "<group>"; };
		C5AA672C2094E49D00464756 /* OpenCVWrapper.h */ = {isa = PBXFileReference; lastKnownFileType = sourcecode.c.h; path = OpenCVWrapper.h; sourceTree = "<group>"; };
		C5AA672D2094E49D00464756 /* OpenCVWrapper.mm */ = {isa = PBXFileReference; lastKnownFileType = sourcecode.cpp.objcpp; path = OpenCVWrapper.mm; sourceTree = "<group>"; };
		C5AA67302094E4E700464756 /* opencv2.framework */ = {isa = PBXFileReference; lastKnownFileType = wrapper.framework; name = opencv2.framework; path = HelloOpenCV/opencv2.framework; sourceTree = "<group>"; };
		C5AA67322094E50000464756 /* AssetsLibrary.framework */ = {isa = PBXFileReference; lastKnownFileType = wrapper.framework; name = AssetsLibrary.framework; path = System/Library/Frameworks/AssetsLibrary.framework; sourceTree = SDKROOT; };
		C5AA67342094E50800464756 /* CoreGraphics.framework */ = {isa = PBXFileReference; lastKnownFileType = wrapper.framework; name = CoreGraphics.framework; path = System/Library/Frameworks/CoreGraphics.framework; sourceTree = SDKROOT; };
		C5AA67362094E51000464756 /* CoreMedia.framework */ = {isa = PBXFileReference; lastKnownFileType = wrapper.framework; name = CoreMedia.framework; path = System/Library/Frameworks/CoreMedia.framework; sourceTree = SDKROOT; };
		C5AA67382094E51500464756 /* CoreFoundation.framework */ = {isa = PBXFileReference; lastKnownFileType = wrapper.framework; name = CoreFoundation.framework; path = System/Library/Frameworks/CoreFoundation.framework; sourceTree = SDKROOT; };
		C5AA673A2094E51C00464756 /* Accelerate.framework */ = {isa = PBXFileReference; lastKnownFileType = wrapper.framework; name = Accelerate.framework; path = System/Library/Frameworks/Accelerate.framework; sourceTree = SDKROOT; };
		C5AA673C2094E5A400464756 /* PrefixHeader.pch */ = {isa = PBXFileReference; lastKnownFileType = sourcecode.c.h; path = PrefixHeader.pch; sourceTree = "<group>"; };
/* End PBXFileReference section */

/* Begin PBXFrameworksBuildPhase section */
		C5AA67132094E47300464756 /* Frameworks */ = {
			isa = PBXFrameworksBuildPhase;
			buildActionMask = 2147483647;
			files = (
				C5AA673B2094E51C00464756 /* Accelerate.framework in Frameworks */,
				C5AA67392094E51500464756 /* CoreFoundation.framework in Frameworks */,
				C5AA67372094E51000464756 /* CoreMedia.framework in Frameworks */,
				C5AA67352094E50800464756 /* CoreGraphics.framework in Frameworks */,
				C5AA67332094E50000464756 /* AssetsLibrary.framework in Frameworks */,
				C5AA67312094E4E700464756 /* opencv2.framework in Frameworks */,
			);
			runOnlyForDeploymentPostprocessing = 0;
		};
/* End PBXFrameworksBuildPhase section */

/* Begin PBXGroup section */
		C5AA670D2094E47300464756 = {
			isa = PBXGroup;
			children = (
				C5AA67182094E47300464756 /* HelloOpenCV */,
				C5AA67172094E47300464756 /* Products */,
				C5AA672F2094E4E700464756 /* Frameworks */,
			);
			sourceTree = "<group>";
		};
		C5AA67172094E47300464756 /* Products */ = {
			isa = PBXGroup;
			children = (
				C5AA67162094E47300464756 /* HelloOpenCV.app */,
			);
			name = Products;
			sourceTree = "<group>";
		};
		C5AA67182094E47300464756 /* HelloOpenCV */ = {
			isa = PBXGroup;
			children = (
				C5AA67192094E47300464756 /* AppDelegate.swift */,
				C5AA671B2094E47300464756 /* ViewController.swift */,
				C5AA672C2094E49D00464756 /* OpenCVWrapper.h */,
				C5AA672D2094E49D00464756 /* OpenCVWrapper.mm */,
				C5AA673C2094E5A400464756 /* PrefixHeader.pch */,
				C5AA671D2094E47300464756 /* Main.storyboard */,
				C5AA67202094E47800464756 /* Assets.xcassets */,
				C5AA67222094E47800464756 /* LaunchScreen.storyboard */,
				C5AA67252094E47800464756 /* Info.plist */,
				C5AA672B2094E49D00464756 /* HelloOpenCV-Bridging-Header.h */,
			);
			path = HelloOpenCV;
			sourceTree = "<group>";
		};
		C5AA672F2094E4E700464756 /* Frameworks */ = {
			isa = PBXGroup;
			children = (
				C5AA673A2094E51C00464756 /* Accelerate.framework */,
				C5AA67382094E51500464756 /* CoreFoundation.framework */,
				C5AA67362094E51000464756 /* CoreMedia.framework */,
				C5AA67342094E50800464756 /* CoreGraphics.framework */,
				C5AA67322094E50000464756 /* AssetsLibrary.framework */,
				C5AA67302094E4E700464756 /* opencv2.framework */,
			);
			name = Frameworks;
			sourceTree = "<group>";
		};
/* End PBXGroup section */

/* Begin PBXNativeTarget section */
		C5AA67152094E47300464756 /* HelloOpenCV */ = {
			isa = PBXNativeTarget;
			buildConfigurationList = C5AA67282094E47800464756 /* Build configuration list for PBXNativeTarget "HelloOpenCV" */;
			buildPhases = (
				C5AA67122094E47300464756 /* Sources */,
				C5AA67132094E47300464756 /* Frameworks */,
				C5AA67142094E47300464756 /* Resources */,
			);
			buildRules = (
			);
			dependencies = (
			);
			name = HelloOpenCV;
			productName = HelloOpenCV;
			productReference = C5AA67162094E47300464756 /* HelloOpenCV.app */;
			productType = "com.apple.product-type.application";
		};
/* End PBXNativeTarget section */

/* Begin PBXProject section */
		C5AA670E2094E47300464756 /* Project object */ = {
			isa = PBXProject;
			attributes = {
				LastSwiftUpdateCheck = 0930;
				LastUpgradeCheck = 0930;
				ORGANIZATIONNAME = Twebble;
				TargetAttributes = {
					C5AA67152094E47300464756 = {
						CreatedOnToolsVersion = 9.3;
						LastSwiftMigration = 0930;
					};
				};
			};
			buildConfigurationList = C5AA67112094E47300464756 /* Build configuration list for PBXProject "HelloOpenCV" */;
			compatibilityVersion = "Xcode 9.3";
			developmentRegion = en;
			hasScannedForEncodings = 0;
			knownRegions = (
				en,
				Base,
			);
			mainGroup = C5AA670D2094E47300464756;
			productRefGroup = C5AA67172094E47300464756 /* Products */;
			projectDirPath = "";
			projectRoot = "";
			targets = (
				C5AA67152094E47300464756 /* HelloOpenCV */,
			);
		};
/* End PBXProject section */

/* Begin PBXResourcesBuildPhase section */
		C5AA67142094E47300464756 /* Resources */ = {
			isa = PBXResourcesBuildPhase;
			buildActionMask = 2147483647;
			files = (
				C5AA67242094E47800464756 /* LaunchScreen.storyboard in Resources */,
				C5AA67212094E47800464756 /* Assets.xcassets in Resources */,
				C5AA671F2094E47300464756 /* Main.storyboard in Resources */,
			);
			runOnlyForDeploymentPostprocessing = 0;
		};
/* End PBXResourcesBuildPhase section */

/* Begin PBXSourcesBuildPhase section */
		C5AA67122094E47300464756 /* Sources */ = {
			isa = PBXSourcesBuildPhase;
			buildActionMask = 2147483647;
			files = (
				C5AA671C2094E47300464756 /* ViewController.swift in Sources */,
				C5AA671A2094E47300464756 /* AppDelegate.swift in Sources */,
				C5AA672E2094E49D00464756 /* OpenCVWrapper.mm in Sources */,
			);
			runOnlyForDeploymentPostprocessing = 0;
		};
/* End PBXSourcesBuildPhase section */

/* Begin PBXVariantGroup section */
		C5AA671D2094E47300464756 /* Main.storyboard */ = {
			isa = PBXVariantGroup;
			children = (
				C5AA671E2094E47300464756 /* Base */,
			);
			name = Main.storyboard;
			sourceTree = "<group>";
		};
		C5AA67222094E47800464756 /* LaunchScreen.storyboard */ = {
			isa = PBXVariantGroup;
			children = (
				C5AA67232094E47800464756 /* Base */,
			);
			name = LaunchScreen.storyboard;
			sourceTree = "<group>";
		};
/* End PBXVariantGroup section */

/* Begin XCBuildConfiguration section */
		C5AA67262094E47800464756 /* Debug */ = {
			isa = XCBuildConfiguration;
			buildSettings = {
				ALWAYS_SEARCH_USER_PATHS = NO;
				CLANG_ANALYZER_NONNULL = YES;
				CLANG_ANALYZER_NUMBER_OBJECT_CONVERSION = YES_AGGRESSIVE;
				CLANG_CXX_LANGUAGE_STANDARD = "gnu++14";
				CLANG_CXX_LIBRARY = "libc++";
				CLANG_ENABLE_MODULES = YES;
				CLANG_ENABLE_OBJC_ARC = YES;
				CLANG_ENABLE_OBJC_WEAK = YES;
				CLANG_WARN_BLOCK_CAPTURE_AUTORELEASING = YES;
				CLANG_WARN_BOOL_CONVERSION = YES;
				CLANG_WARN_COMMA = YES;
				CLANG_WARN_CONSTANT_CONVERSION = YES;
				CLANG_WARN_DEPRECATED_OBJC_IMPLEMENTATIONS = YES;
				CLANG_WARN_DIRECT_OBJC_ISA_USAGE = YES_ERROR;
				CLANG_WARN_DOCUMENTATION_COMMENTS = YES;
				CLANG_WARN_EMPTY_BODY = YES;
				CLANG_WARN_ENUM_CONVERSION = YES;
				CLANG_WARN_INFINITE_RECURSION = YES;
				CLANG_WARN_INT_CONVERSION = YES;
				CLANG_WARN_NON_LITERAL_NULL_CONVERSION = YES;
				CLANG_WARN_OBJC_IMPLICIT_RETAIN_SELF = YES;
				CLANG_WARN_OBJC_LITERAL_CONVERSION = YES;
				CLANG_WARN_OBJC_ROOT_CLASS = YES_ERROR;
				CLANG_WARN_RANGE_LOOP_ANALYSIS = YES;
				CLANG_WARN_STRICT_PROTOTYPES = YES;
				CLANG_WARN_SUSPICIOUS_MOVE = YES;
				CLANG_WARN_UNGUARDED_AVAILABILITY = YES_AGGRESSIVE;
				CLANG_WARN_UNREACHABLE_CODE = YES;
				CLANG_WARN__DUPLICATE_METHOD_MATCH = YES;
				CODE_SIGN_IDENTITY = "iPhone Developer";
				COPY_PHASE_STRIP = NO;
				DEBUG_INFORMATION_FORMAT = dwarf;
				ENABLE_STRICT_OBJC_MSGSEND = YES;
				ENABLE_TESTABILITY = YES;
				GCC_C_LANGUAGE_STANDARD = gnu11;
				GCC_DYNAMIC_NO_PIC = NO;
				GCC_NO_COMMON_BLOCKS = YES;
				GCC_OPTIMIZATION_LEVEL = 0;
				GCC_PREPROCESSOR_DEFINITIONS = (
					"DEBUG=1",
					"$(inherited)",
				);
				GCC_WARN_64_TO_32_BIT_CONVERSION = YES;
				GCC_WARN_ABOUT_RETURN_TYPE = YES_ERROR;
				GCC_WARN_UNDECLARED_SELECTOR = YES;
				GCC_WARN_UNINITIALIZED_AUTOS = YES_AGGRESSIVE;
				GCC_WARN_UNUSED_FUNCTION = YES;
				GCC_WARN_UNUSED_VARIABLE = YES;
				IPHONEOS_DEPLOYMENT_TARGET = 11.3;
				MTL_ENABLE_DEBUG_INFO = YES;
				ONLY_ACTIVE_ARCH = YES;
				SDKROOT = iphoneos;
				SWIFT_ACTIVE_COMPILATION_CONDITIONS = DEBUG;
				SWIFT_OPTIMIZATION_LEVEL = "-Onone";
			};
			name = Debug;
		};
		C5AA67272094E47800464756 /* Release */ = {
			isa = XCBuildConfiguration;
			buildSettings = {
				ALWAYS_SEARCH_USER_PATHS = NO;
				CLANG_ANALYZER_NONNULL = YES;
				CLANG_ANALYZER_NUMBER_OBJECT_CONVERSION = YES_AGGRESSIVE;
				CLANG_CXX_LANGUAGE_STANDARD = "gnu++14";
				CLANG_CXX_LIBRARY = "libc++";
				CLANG_ENABLE_MODULES = YES;
				CLANG_ENABLE_OBJC_ARC = YES;
				CLANG_ENABLE_OBJC_WEAK = YES;
				CLANG_WARN_BLOCK_CAPTURE_AUTORELEASING = YES;
				CLANG_WARN_BOOL_CONVERSION = YES;
				CLANG_WARN_COMMA = YES;
				CLANG_WARN_CONSTANT_CONVERSION = YES;
				CLANG_WARN_DEPRECATED_OBJC_IMPLEMENTATIONS = YES;
				CLANG_WARN_DIRECT_OBJC_ISA_USAGE = YES_ERROR;
				CLANG_WARN_DOCUMENTATION_COMMENTS = YES;
				CLANG_WARN_EMPTY_BODY = YES;
				CLANG_WARN_ENUM_CONVERSION = YES;
				CLANG_WARN_INFINITE_RECURSION = YES;
				CLANG_WARN_INT_CONVERSION = YES;
				CLANG_WARN_NON_LITERAL_NULL_CONVERSION = YES;
				CLANG_WARN_OBJC_IMPLICIT_RETAIN_SELF = YES;
				CLANG_WARN_OBJC_LITERAL_CONVERSION = YES;
				CLANG_WARN_OBJC_ROOT_CLASS = YES_ERROR;
				CLANG_WARN_RANGE_LOOP_ANALYSIS = YES;
				CLANG_WARN_STRICT_PROTOTYPES = YES;
				CLANG_WARN_SUSPICIOUS_MOVE = YES;
				CLANG_WARN_UNGUARDED_AVAILABILITY = YES_AGGRESSIVE;
				CLANG_WARN_UNREACHABLE_CODE = YES;
				CLANG_WARN__DUPLICATE_METHOD_MATCH = YES;
				CODE_SIGN_IDENTITY = "iPhone Developer";
				COPY_PHASE_STRIP = NO;
				DEBUG_INFORMATION_FORMAT = "dwarf-with-dsym";
				ENABLE_NS_ASSERTIONS = NO;
				ENABLE_STRICT_OBJC_MSGSEND = YES;
				GCC_C_LANGUAGE_STANDARD = gnu11;
				GCC_NO_COMMON_BLOCKS = YES;
				GCC_WARN_64_TO_32_BIT_CONVERSION = YES;
				GCC_WARN_ABOUT_RETURN_TYPE = YES_ERROR;
				GCC_WARN_UNDECLARED_SELECTOR = YES;
				GCC_WARN_UNINITIALIZED_AUTOS = YES_AGGRESSIVE;
				GCC_WARN_UNUSED_FUNCTION = YES;
				GCC_WARN_UNUSED_VARIABLE = YES;
				IPHONEOS_DEPLOYMENT_TARGET = 11.3;
				MTL_ENABLE_DEBUG_INFO = NO;
				SDKROOT = iphoneos;
				SWIFT_COMPILATION_MODE = wholemodule;
				SWIFT_OPTIMIZATION_LEVEL = "-O";
				VALIDATE_PRODUCT = YES;
			};
			name = Release;
		};
		C5AA67292094E47800464756 /* Debug */ = {
			isa = XCBuildConfiguration;
			buildSettings = {
				ASSETCATALOG_COMPILER_APPICON_NAME = AppIcon;
				CLANG_ENABLE_MODULES = YES;
				CODE_SIGN_STYLE = Automatic;
				DEVELOPMENT_TEAM = B94C7U72JS;
				FRAMEWORK_SEARCH_PATHS = (
					"$(inherited)",
					"$(PROJECT_DIR)/HelloOpenCV",
				);
				INFOPLIST_FILE = HelloOpenCV/Info.plist;
				LD_RUNPATH_SEARCH_PATHS = (
					"$(inherited)",
					"@executable_path/Frameworks",
				);
				PRODUCT_BUNDLE_IDENTIFIER = com.twebble.HelloOpenCV;
				PRODUCT_NAME = "$(TARGET_NAME)";
				SWIFT_OBJC_BRIDGING_HEADER = "HelloOpenCV/HelloOpenCV-Bridging-Header.h";
				SWIFT_OPTIMIZATION_LEVEL = "-Onone";
				SWIFT_VERSION = 4.0;
				TARGETED_DEVICE_FAMILY = "1,2";
			};
			name = Debug;
		};
		C5AA672A2094E47800464756 /* Release */ = {
			isa = XCBuildConfiguration;
			buildSettings = {
				ASSETCATALOG_COMPILER_APPICON_NAME = AppIcon;
				CLANG_ENABLE_MODULES = YES;
				CODE_SIGN_STYLE = Automatic;
				DEVELOPMENT_TEAM = B94C7U72JS;
				FRAMEWORK_SEARCH_PATHS = (
					"$(inherited)",
					"$(PROJECT_DIR)/HelloOpenCV",
				);
				INFOPLIST_FILE = HelloOpenCV/Info.plist;
				LD_RUNPATH_SEARCH_PATHS = (
					"$(inherited)",
					"@executable_path/Frameworks",
				);
				PRODUCT_BUNDLE_IDENTIFIER = com.twebble.HelloOpenCV;
				PRODUCT_NAME = "$(TARGET_NAME)";
				SWIFT_OBJC_BRIDGING_HEADER = "HelloOpenCV/HelloOpenCV-Bridging-Header.h";
				SWIFT_VERSION = 4.0;
				TARGETED_DEVICE_FAMILY = "1,2";
			};
			name = Release;
		};
/* End XCBuildConfiguration section */

/* Begin XCConfigurationList section */
		C5AA67112094E47300464756 /* Build configuration list for PBXProject "HelloOpenCV" */ = {
			isa = XCConfigurationList;
			buildConfigurations = (
				C5AA67262094E47800464756 /* Debug */,
				C5AA67272094E47800464756 /* Release */,
			);
			defaultConfigurationIsVisible = 0;
			defaultConfigurationName = Release;
		};
		C5AA67282094E47800464756 /* Build configuration list for PBXNativeTarget "HelloOpenCV" */ = {
			isa = XCConfigurationList;
			buildConfigurations = (
				C5AA67292094E47800464756 /* Debug */,
				C5AA672A2094E47800464756 /* Release */,
			);
			defaultConfigurationIsVisible = 0;
			defaultConfigurationName = Release;
		};
/* End XCConfigurationList section */
	};
	rootObject = C5AA670E2094E47300464756 /* Project object */;
}
